
Microsoft Visual Studio Solution File, Format Version 12.00
Project("{FAE04EC0-301F-11D3-BF4B-00C04F79EFBC}") = "Pklr.Worker", "Pklr.Worker\Pklr.Worker.csproj", "{A93D8E1C-7551-4A20-953F-ECDFEC28A890}"
EndProject
Project("{2150E333-8FDC-42A3-9474-1A3956D46DE8}") = "Solution Folder", "Solution Folder", "{D531F30A-4DB2-44AF-B3D3-1D4A5FFC0770}"
	ProjectSection(SolutionItems) = preProject
		.gitignore = .gitignore
		LICENSE = LICENSE
		README.md = README.md
		.editorconfig = .editorconfig
		.github\workflows\build.yml = .github\workflows\build.yml
	EndProjectSection
EndProject
Global
	GlobalSection(SolutionConfigurationPlatforms) = preSolution
		Debug|Any CPU = Debug|Any CPU
		Release|Any CPU = Release|Any CPU
	EndGlobalSection
	GlobalSection(ProjectConfigurationPlatforms) = postSolution
		{A93D8E1C-7551-4A20-953F-ECDFEC28A890}.Debug|Any CPU.ActiveCfg = Debug|Any CPU
		{A93D8E1C-7551-4A20-953F-ECDFEC28A890}.Debug|Any CPU.Build.0 = Debug|Any CPU
		{A93D8E1C-7551-4A20-953F-ECDFEC28A890}.Release|Any CPU.ActiveCfg = Release|Any CPU
		{A93D8E1C-7551-4A20-953F-ECDFEC28A890}.Release|Any CPU.Build.0 = Release|Any CPU
	EndGlobalSection
EndGlobal
